<?xml version="1.0" encoding="utf-8"?>
<Project ToolsVersion="4.0" xmlns="http://schemas.microsoft.com/developer/msbuild/2003">
  <ItemGroup>
    <Filter Include="Source Files">
      <UniqueIdentifier>{4FC737F1-C7A5-4376-A066-2A32D752A2FF}</UniqueIdentifier>
      <Extensions>cpp;c;cc;cxx;c++;cppm;ixx;def;odl;idl;hpj;bat;asm;asmx</Extensions>
    </Filter>
    <Filter Include="Header Files">
      <UniqueIdentifier>{93995380-89BD-4b04-88EB-625FBE52EBFB}</UniqueIdentifier>
      <Extensions>h;hh;hpp;hxx;h++;hm;inl;inc;ipp;xsd</Extensions>
    </Filter>
    <Filter Include="Resource Files">
      <UniqueIdentifier>{67DA6AB6-F800-4c08-8B7A-83BB121AAD01}</UniqueIdentifier>
      <Extensions>rc;ico;cur;bmp;dlg;rc2;rct;bin;rgs;gif;jpg;jpeg;jpe;resx;tiff;tif;png;wav;mfcribbon-ms</Extensions>
    </Filter>
    <Filter Include="Source Files\renderers">
      <UniqueIdentifier>{44635c42-4c5e-42fd-933d-c6fa4cd0560e}</UniqueIdentifier>
    </Filter>
    <Filter Include="Source Files\renderers\vulkan">
      <UniqueIdentifier>{17d8bd17-31b4-48fd-80a0-f535c0df6048}</UniqueIdentifier>
    </Filter>
    <Filter Include="Header Files\headers">
      <UniqueIdentifier>{aa4b100f-4ab5-4a63-84e0-f9979b243b4e}</UniqueIdentifier>
    </Filter>
  </ItemGroup>
  <ItemGroup>
    <ClCompile Include="src\base.cpp">
      <Filter>Source Files</Filter>
    </ClCompile>
    <ClCompile Include="src\vulkan\texture.cpp">
      <Filter>Source Files\renderers\vulkan</Filter>
    </ClCompile>
    <ClCompile Include="src\vulkan\renderer.cpp">
      <Filter>Source Files\renderers\vulkan</Filter>
    </ClCompile>
    <ClCompile Include="src\vulkan\vertex.cpp">
      <Filter>Source Files\renderers\vulkan</Filter>
    </ClCompile>
    <ClCompile Include="src\vulkan\shader.cpp">
      <Filter>Source Files</Filter>
    </ClCompile>
    <ClCompile Include="src\vulkan\graphics-pipeline.cpp">
      <Filter>Source Files</Filter>
    </ClCompile>
  </ItemGroup>
</Project>